{
  "version": 4,
  "terraform_version": "1.2.6",
  "serial": 1110,
  "lineage": "44047a78-a174-8d74-5d96-3427cfdbd2c7",
  "outputs": {
    "external_ip_address_node01": {
      "value": "62.84.124.47",
      "type": "string"
    },
    "external_ip_address_node02": {
      "value": "62.84.125.93",
      "type": "string"
    },
    "external_ip_address_node03": {
      "value": "62.84.126.152",
      "type": "string"
    },
    "internal_ip_address_node01": {
      "value": "10.1.0.14",
      "type": "string"
    },
    "internal_ip_address_node02": {
      "value": "10.1.0.18",
      "type": "string"
    },
    "internal_ip_address_node03": {
      "value": "10.1.0.16",
      "type": "string"
    }
  },
  "resources": [
    {
      "mode": "managed",
      "type": "local_file",
      "name": "all_vars",
      "provider": "provider[\"registry.terraform.io/hashicorp/local\"]",
      "instances": [
        {
          "schema_version": 0,
          "attributes": {
            "content": "# Ansible vars containing variable values from Terraform.\n# Generated by Terraform.\n\n  clickhouse_01_ext_ip: 62.84.124.47\n  vector_01_ext_ip: 62.84.125.93\n  lighthouse_01_ext_ip: 62.84.126.152\n",
            "content_base64": null,
            "directory_permission": "0777",
            "file_permission": "0777",
            "filename": "../ansible/group_vars/all.yml",
            "id": "37126a9814b83ae0429b4084e1e8091855cc89c8",
            "sensitive_content": null,
            "source": null
          },
          "sensitive_attributes": [],
          "private": "bnVsbA==",
          "dependencies": [
            "yandex_compute_instance.node01",
            "yandex_compute_instance.node02",
            "yandex_compute_instance.node03",
            "yandex_vpc_network.network-1",
            "yandex_vpc_subnet.subnet-1"
          ]
        }
      ]
    },
    {
      "mode": "managed",
      "type": "local_file",
      "name": "inventory",
      "provider": "provider[\"registry.terraform.io/hashicorp/local\"]",
      "instances": [
        {
          "schema_version": 0,
          "attributes": {
            "content": "# Ansible inventory containing variable values from Terraform.\n# Generated by Terraform.\n\nclickhouse:\n  hosts:\n    clickhouse-01:\n      ansible_host: 62.84.124.47\nvector:\n  hosts:\n    vector-01:\n      ansible_host: 62.84.125.93\nlighthouse:\n  hosts:\n    lighthouse-01:\n      ansible_host: 62.84.125.93\n",
            "content_base64": null,
            "directory_permission": "0777",
            "file_permission": "0777",
            "filename": "../ansible/inventory/prod.yml",
            "id": "8d5208fa816685af6eeb67f4bab6ab024cdaa89f",
            "sensitive_content": null,
            "source": null
          },
          "sensitive_attributes": [],
          "private": "bnVsbA==",
          "dependencies": [
            "yandex_compute_instance.node01",
            "yandex_compute_instance.node02",
            "yandex_vpc_network.network-1",
            "yandex_vpc_subnet.subnet-1"
          ]
        }
      ]
    },
    {
      "mode": "managed",
      "type": "null_resource",
      "name": "cluster",
      "provider": "provider[\"registry.terraform.io/hashicorp/null\"]",
      "instances": [
        {
          "schema_version": 0,
          "attributes": {
            "id": "6651677825408500903",
            "triggers": null
          },
          "sensitive_attributes": [],
          "private": "bnVsbA==",
          "dependencies": [
            "local_file.inventory",
            "null_resource.wait",
            "yandex_compute_instance.node01",
            "yandex_compute_instance.node02",
            "yandex_vpc_network.network-1",
            "yandex_vpc_subnet.subnet-1"
          ]
        }
      ]
    },
    {
      "mode": "managed",
      "type": "null_resource",
      "name": "wait",
      "provider": "provider[\"registry.terraform.io/hashicorp/null\"]",
      "instances": [
        {
          "schema_version": 0,
          "attributes": {
            "id": "3365067776394013652",
            "triggers": null
          },
          "sensitive_attributes": [],
          "private": "bnVsbA==",
          "dependencies": [
            "local_file.inventory",
            "yandex_compute_instance.node01",
            "yandex_compute_instance.node02",
            "yandex_vpc_network.network-1",
            "yandex_vpc_subnet.subnet-1"
          ]
        }
      ]
    },
    {
      "mode": "managed",
      "type": "yandex_compute_instance",
      "name": "node01",
      "provider": "provider[\"registry.terraform.io/yandex-cloud/yandex\"]",
      "instances": [
        {
          "schema_version": 1,
          "attributes": {
            "allow_recreate": null,
            "allow_stopping_for_update": null,
            "boot_disk": [
              {
                "auto_delete": true,
                "device_name": "fhmhagog3bf767m3ckvo",
                "disk_id": "fhmhagog3bf767m3ckvo",
                "initialize_params": [
                  {
                    "block_size": 4096,
                    "description": "",
                    "image_id": "fd8aqitd4vl5950ihohp",
                    "name": "",
                    "size": 10,
                    "snapshot_id": "",
                    "type": "network-hdd"
                  }
                ],
                "mode": "READ_WRITE"
              }
            ],
            "created_at": "2022-08-08T15:58:51Z",
            "description": "",
            "folder_id": "b1gaa80uc55olksp2vtt",
            "fqdn": "clickhouse-01.ru-central1.internal",
            "hostname": "clickhouse-01",
            "id": "fhmj8ppbmlpb60qt5bvk",
            "labels": null,
            "local_disk": [],
            "metadata": {
              "ssh-keys": "centos:ssh-rsa AAAAB3NzaC1yc2EAAAADAQABAAABgQDczVXUSDGxF0csVtFKZrBwFQ9E0a1+AxerO47P3W1B8i0oAkol93nR1x3r0O7+e94GNdcp1GFvnHLV/bk1C6oxXs6kFmErbnfsAH5wVbmbScKNW5Ai1z3b6juHYTQmsvOPJgrOidiGaoK97sYf5UXZdMkKzmBlcCg5UxPD/IXRWDndbEGo+RxGH1j4L/+uKw/Rzb+KCCQLDZk94C6eNGoJoQ7sTUuekcB07RDOj6GKV8rogkZMJsefcybq3w33lZ/4RTWLNWQPbtMGxShG0CwF4uK52nSggTPZWQB7GSjO646zr8yNlOQRKA0aKemUfCQk2cdXv7n0kLQhSCpv/DBTKwFQHt4V33c33D0+phMzK/1Z7INKpclVhgHkra4ylrAZl6gdZH+IX2X9CP4gxFJl+RL76vnKp9J7j2nhBUHNZCLh26ikWVdz0MTg1bO/sxEeD1fU5zDcQJDgo22CkOupg8VY3sKRv3Ymibw05Br5xczSCoAUXKvsccfKwW4rTNs= user@home\n"
            },
            "name": "node01",
            "network_acceleration_type": "standard",
            "network_interface": [
              {
                "dns_record": [],
                "index": 0,
                "ip_address": "10.1.0.14",
                "ipv4": true,
                "ipv6": false,
                "ipv6_address": "",
                "ipv6_dns_record": [],
                "mac_address": "d0:0d:13:46:72:bb",
                "nat": true,
                "nat_dns_record": [],
                "nat_ip_address": "62.84.124.47",
                "nat_ip_version": "IPV4",
                "security_group_ids": [],
                "subnet_id": "e9bcnth69f4o67cv62sr"
              }
            ],
            "placement_policy": [
              {
                "host_affinity_rules": [],
                "placement_group_id": ""
              }
            ],
            "platform_id": "standard-v1",
            "resources": [
              {
                "core_fraction": 100,
                "cores": 2,
                "gpus": 0,
                "memory": 2
              }
            ],
            "scheduling_policy": [
              {
                "preemptible": false
              }
            ],
            "secondary_disk": [],
            "service_account_id": "",
            "status": "running",
            "timeouts": null,
            "zone": "ru-central1-a"
          },
          "sensitive_attributes": [],
          "private": "eyJlMmJmYjczMC1lY2FhLTExZTYtOGY4OC0zNDM2M2JjN2M0YzAiOnsiY3JlYXRlIjozMDAwMDAwMDAwMDAsImRlbGV0ZSI6MzAwMDAwMDAwMDAwLCJ1cGRhdGUiOjMwMDAwMDAwMDAwMH0sInNjaGVtYV92ZXJzaW9uIjoiMSJ9",
          "dependencies": [
            "yandex_vpc_network.network-1",
            "yandex_vpc_subnet.subnet-1"
          ]
        }
      ]
    },
    {
      "mode": "managed",
      "type": "yandex_compute_instance",
      "name": "node02",
      "provider": "provider[\"registry.terraform.io/yandex-cloud/yandex\"]",
      "instances": [
        {
          "schema_version": 1,
          "attributes": {
            "allow_recreate": null,
            "allow_stopping_for_update": null,
            "boot_disk": [
              {
                "auto_delete": true,
                "device_name": "fhmv4ugch61phdjclgkv",
                "disk_id": "fhmv4ugch61phdjclgkv",
                "initialize_params": [
                  {
                    "block_size": 4096,
                    "description": "",
                    "image_id": "fd8aqitd4vl5950ihohp",
                    "name": "",
                    "size": 10,
                    "snapshot_id": "",
                    "type": "network-hdd"
                  }
                ],
                "mode": "READ_WRITE"
              }
            ],
            "created_at": "2022-08-08T15:58:52Z",
            "description": "",
            "folder_id": "b1gaa80uc55olksp2vtt",
            "fqdn": "vector-01.ru-central1.internal",
            "hostname": "vector-01",
            "id": "fhme89niapnjgt8uap16",
            "labels": null,
            "local_disk": [],
            "metadata": {
              "ssh-keys": "centos:ssh-rsa AAAAB3NzaC1yc2EAAAADAQABAAABgQDczVXUSDGxF0csVtFKZrBwFQ9E0a1+AxerO47P3W1B8i0oAkol93nR1x3r0O7+e94GNdcp1GFvnHLV/bk1C6oxXs6kFmErbnfsAH5wVbmbScKNW5Ai1z3b6juHYTQmsvOPJgrOidiGaoK97sYf5UXZdMkKzmBlcCg5UxPD/IXRWDndbEGo+RxGH1j4L/+uKw/Rzb+KCCQLDZk94C6eNGoJoQ7sTUuekcB07RDOj6GKV8rogkZMJsefcybq3w33lZ/4RTWLNWQPbtMGxShG0CwF4uK52nSggTPZWQB7GSjO646zr8yNlOQRKA0aKemUfCQk2cdXv7n0kLQhSCpv/DBTKwFQHt4V33c33D0+phMzK/1Z7INKpclVhgHkra4ylrAZl6gdZH+IX2X9CP4gxFJl+RL76vnKp9J7j2nhBUHNZCLh26ikWVdz0MTg1bO/sxEeD1fU5zDcQJDgo22CkOupg8VY3sKRv3Ymibw05Br5xczSCoAUXKvsccfKwW4rTNs= user@home\n"
            },
            "name": "node02",
            "network_acceleration_type": "standard",
            "network_interface": [
              {
                "dns_record": [],
                "index": 0,
                "ip_address": "10.1.0.18",
                "ipv4": true,
                "ipv6": false,
                "ipv6_address": "",
                "ipv6_dns_record": [],
                "mac_address": "d0:0d:e4:26:f2:56",
                "nat": true,
                "nat_dns_record": [],
                "nat_ip_address": "62.84.125.93",
                "nat_ip_version": "IPV4",
                "security_group_ids": [],
                "subnet_id": "e9bcnth69f4o67cv62sr"
              }
            ],
            "placement_policy": [
              {
                "host_affinity_rules": [],
                "placement_group_id": ""
              }
            ],
            "platform_id": "standard-v1",
            "resources": [
              {
                "core_fraction": 100,
                "cores": 2,
                "gpus": 0,
                "memory": 2
              }
            ],
            "scheduling_policy": [
              {
                "preemptible": false
              }
            ],
            "secondary_disk": [],
            "service_account_id": "",
            "status": "running",
            "timeouts": null,
            "zone": "ru-central1-a"
          },
          "sensitive_attributes": [],
          "private": "eyJlMmJmYjczMC1lY2FhLTExZTYtOGY4OC0zNDM2M2JjN2M0YzAiOnsiY3JlYXRlIjozMDAwMDAwMDAwMDAsImRlbGV0ZSI6MzAwMDAwMDAwMDAwLCJ1cGRhdGUiOjMwMDAwMDAwMDAwMH0sInNjaGVtYV92ZXJzaW9uIjoiMSJ9",
          "dependencies": [
            "yandex_vpc_network.network-1",
            "yandex_vpc_subnet.subnet-1"
          ]
        }
      ]
    },
    {
      "mode": "managed",
      "type": "yandex_compute_instance",
      "name": "node03",
      "provider": "provider[\"registry.terraform.io/yandex-cloud/yandex\"]",
      "instances": [
        {
          "schema_version": 1,
          "attributes": {
            "allow_recreate": null,
            "allow_stopping_for_update": null,
            "boot_disk": [
              {
                "auto_delete": true,
                "device_name": "fhmtdti6d0idv1utnnnk",
                "disk_id": "fhmtdti6d0idv1utnnnk",
                "initialize_params": [
                  {
                    "block_size": 4096,
                    "description": "",
                    "image_id": "fd8aqitd4vl5950ihohp",
                    "name": "",
                    "size": 10,
                    "snapshot_id": "",
                    "type": "network-hdd"
                  }
                ],
                "mode": "READ_WRITE"
              }
            ],
            "created_at": "2022-08-08T15:58:52Z",
            "description": "",
            "folder_id": "b1gaa80uc55olksp2vtt",
            "fqdn": "lighthouse-01.ru-central1.internal",
            "hostname": "lighthouse-01",
            "id": "fhm0g3vi4geosqjog52d",
            "labels": null,
            "local_disk": [],
            "metadata": {
              "ssh-keys": "centos:ssh-rsa AAAAB3NzaC1yc2EAAAADAQABAAABgQDczVXUSDGxF0csVtFKZrBwFQ9E0a1+AxerO47P3W1B8i0oAkol93nR1x3r0O7+e94GNdcp1GFvnHLV/bk1C6oxXs6kFmErbnfsAH5wVbmbScKNW5Ai1z3b6juHYTQmsvOPJgrOidiGaoK97sYf5UXZdMkKzmBlcCg5UxPD/IXRWDndbEGo+RxGH1j4L/+uKw/Rzb+KCCQLDZk94C6eNGoJoQ7sTUuekcB07RDOj6GKV8rogkZMJsefcybq3w33lZ/4RTWLNWQPbtMGxShG0CwF4uK52nSggTPZWQB7GSjO646zr8yNlOQRKA0aKemUfCQk2cdXv7n0kLQhSCpv/DBTKwFQHt4V33c33D0+phMzK/1Z7INKpclVhgHkra4ylrAZl6gdZH+IX2X9CP4gxFJl+RL76vnKp9J7j2nhBUHNZCLh26ikWVdz0MTg1bO/sxEeD1fU5zDcQJDgo22CkOupg8VY3sKRv3Ymibw05Br5xczSCoAUXKvsccfKwW4rTNs= user@home\n"
            },
            "name": "node03",
            "network_acceleration_type": "standard",
            "network_interface": [
              {
                "dns_record": [],
                "index": 0,
                "ip_address": "10.1.0.16",
                "ipv4": true,
                "ipv6": false,
                "ipv6_address": "",
                "ipv6_dns_record": [],
                "mac_address": "d0:0d:80:ff:22:41",
                "nat": true,
                "nat_dns_record": [],
                "nat_ip_address": "62.84.126.152",
                "nat_ip_version": "IPV4",
                "security_group_ids": [],
                "subnet_id": "e9bcnth69f4o67cv62sr"
              }
            ],
            "placement_policy": [
              {
                "host_affinity_rules": [],
                "placement_group_id": ""
              }
            ],
            "platform_id": "standard-v1",
            "resources": [
              {
                "core_fraction": 100,
                "cores": 2,
                "gpus": 0,
                "memory": 2
              }
            ],
            "scheduling_policy": [
              {
                "preemptible": false
              }
            ],
            "secondary_disk": [],
            "service_account_id": "",
            "status": "running",
            "timeouts": null,
            "zone": "ru-central1-a"
          },
          "sensitive_attributes": [],
          "private": "eyJlMmJmYjczMC1lY2FhLTExZTYtOGY4OC0zNDM2M2JjN2M0YzAiOnsiY3JlYXRlIjozMDAwMDAwMDAwMDAsImRlbGV0ZSI6MzAwMDAwMDAwMDAwLCJ1cGRhdGUiOjMwMDAwMDAwMDAwMH0sInNjaGVtYV92ZXJzaW9uIjoiMSJ9",
          "dependencies": [
            "yandex_vpc_network.network-1",
            "yandex_vpc_subnet.subnet-1"
          ]
        }
      ]
    },
    {
      "mode": "managed",
      "type": "yandex_vpc_network",
      "name": "network-1",
      "provider": "provider[\"registry.terraform.io/yandex-cloud/yandex\"]",
      "instances": [
        {
          "schema_version": 0,
          "attributes": {
            "created_at": "2022-08-08T15:58:29Z",
            "default_security_group_id": "",
            "description": "",
            "folder_id": "b1gaa80uc55olksp2vtt",
            "id": "enpiv8aeraf614br2gu0",
            "labels": {},
            "name": "net",
            "subnet_ids": [],
            "timeouts": null
          },
          "sensitive_attributes": [],
          "private": "eyJlMmJmYjczMC1lY2FhLTExZTYtOGY4OC0zNDM2M2JjN2M0YzAiOnsiY3JlYXRlIjo2MDAwMDAwMDAwMCwiZGVsZXRlIjo2MDAwMDAwMDAwMCwidXBkYXRlIjo2MDAwMDAwMDAwMH19"
        }
      ]
    },
    {
      "mode": "managed",
      "type": "yandex_vpc_subnet",
      "name": "subnet-1",
      "provider": "provider[\"registry.terraform.io/yandex-cloud/yandex\"]",
      "instances": [
        {
          "schema_version": 0,
          "attributes": {
            "created_at": "2022-08-08T15:58:49Z",
            "description": "",
            "dhcp_options": [],
            "folder_id": "b1gaa80uc55olksp2vtt",
            "id": "e9bcnth69f4o67cv62sr",
            "labels": {},
            "name": "subnet1",
            "network_id": "enpiv8aeraf614br2gu0",
            "route_table_id": "",
            "timeouts": null,
            "v4_cidr_blocks": [
              "10.1.0.0/24"
            ],
            "v6_cidr_blocks": [],
            "zone": "ru-central1-a"
          },
          "sensitive_attributes": [],
          "private": "eyJlMmJmYjczMC1lY2FhLTExZTYtOGY4OC0zNDM2M2JjN2M0YzAiOnsiY3JlYXRlIjoxODAwMDAwMDAwMDAsImRlbGV0ZSI6MTgwMDAwMDAwMDAwLCJ1cGRhdGUiOjE4MDAwMDAwMDAwMH19",
          "dependencies": [
            "yandex_vpc_network.network-1"
          ]
        }
      ]
    }
  ]
}
